github.com/PAKIWASI/workstealpool v0.0.0-20260823211334-0a5a048675f0 h1:WQxkvUsRj/bp0lGUvblZz6jjlhPtGHdUKmEkhuLOQZk=
github.com/PAKIWASI/workstealpool v0.0.0-20260823211334-0a5a048675f0/go.mod h1:geS1DVyyfvjsDHpg1X9tG8TQfA5/K5gmigfdvfMXYTo=
golang.org/x/sync v0.22.0 h1:SZjpbeLmrCk4xhRSZFNZW5gFUeCeFgjekvI/+gfScek=
golang.org/x/sync v0.22.0/go.mod h1:9xrNwdLfx4jkKbNva9FpL6vEN7evnE43NNNJQ2LF3+0=
